# This file may be used to create an environment using:
# $ conda create --name <env> --file <this file>
# platform: linux-64
@EXPLICIT
https://conda.anaconda.org/conda-forge/noarch/font-ttf-dejavu-sans-mono-2.37-hab24e00_0.tar.bz2#0c96522c6bdaed4b1566d11387caaf45
https://conda.anaconda.org/conda-forge/noarch/poppler-data-0.4.11-hd8ed1ab_0.tar.bz2#abc27381c4f005da588cffa1f76403ee
https://conda.anaconda.org/conda-forge/noarch/font-ttf-inconsolata-3.000-h77eed37_0.tar.bz2#34893075a5c9e55cdafac56607368fc6
https://conda.anaconda.org/conda-forge/noarch/tzdata-2022a-h191b570_0.tar.bz2#84be5301069417a2221187d2f435e0f7
https://conda.anaconda.org/conda-forge/linux-64/libgcc-devel_linux-64-10.3.0-he6cfe16_16.tar.bz2#878a30aba0574e69bd920c55f243aa06
https://conda.anaconda.org/conda-forge/linux-64/_libgcc_mutex-0.1-conda_forge.tar.bz2#d7c89558ba9fa0495403155b64376d81
https://conda.anaconda.org/conda-forge/noarch/kernel-headers_linux-64-2.6.32-he073ed8_15.tar.bz2#5dd5127afd710f91f6a75821bac0a4f0
https://conda.anaconda.org/conda-forge/linux-64/libstdcxx-ng-12.1.0-ha89aaad_16.tar.bz2#6f5ba041a41eb102a1027d9e68731be7
https://conda.anaconda.org/conda-forge/noarch/font-ttf-ubuntu-0.83-hab24e00_0.tar.bz2#19410c3df09dfb12d1206132a1d357c5
https://conda.anaconda.org/conda-forge/linux-64/libgfortran5-12.1.0-hdcd56e2_16.tar.bz2#b02605b875559ff99f04351fd5040760
https://conda.anaconda.org/conda-forge/noarch/_r-mutex-1.0.1-anacondar_1.tar.bz2#19f9db5f4f1b7f5ef5f6d67207f25f38
https://conda.anaconda.org/conda-forge/linux-64/ca-certificates-2022.6.15-ha878542_0.tar.bz2#c320890f77fd1d617fa876e0982002c2
https://conda.anaconda.org/conda-forge/linux-64/ld_impl_linux-64-2.36.1-hea4e1c9_2.tar.bz2#bd4f2e711b39af170e7ff15163fe87ee
https://conda.anaconda.org/conda-forge/noarch/font-ttf-source-code-pro-2.038-h77eed37_0.tar.bz2#4d59c254e01d9cde7957100457e2d5fb
https://conda.anaconda.org/conda-forge/linux-64/libstdcxx-devel_linux-64-10.3.0-he6cfe16_16.tar.bz2#baae55f62968547a3731cb668736f611
https://conda.anaconda.org/conda-forge/linux-64/libgomp-12.1.0-h8d9b700_16.tar.bz2#f013cf7749536ce43d82afbffdf499ab
https://conda.anaconda.org/conda-forge/noarch/sysroot_linux-64-2.12-he073ed8_15.tar.bz2#66c192522eacf5bb763568b4e415d133
https://conda.anaconda.org/conda-forge/linux-64/libgfortran-ng-12.1.0-h69a702a_16.tar.bz2#6bf15e29a20f614b18ae89368260d0a2
https://conda.anaconda.org/conda-forge/noarch/fonts-conda-forge-1-0.tar.bz2#f766549260d6815b0c52253f1fb1bb29
https://conda.anaconda.org/conda-forge/linux-64/_openmp_mutex-4.5-2_gnu.tar.bz2#73aaf86a425cc6e73fcf236a5a46396d
https://conda.anaconda.org/conda-forge/linux-64/binutils_impl_linux-64-2.36.1-h193b22a_2.tar.bz2#32aae4265554a47ea77f7c09f86aeb3b
https://conda.anaconda.org/conda-forge/noarch/fonts-conda-ecosystem-1-0.tar.bz2#fee5683a3f04bd15cbd8318b096a27ab
https://conda.anaconda.org/conda-forge/linux-64/libgcc-ng-12.1.0-h8d9b700_16.tar.bz2#4f05bc9844f7c101e6e147dab3c88d5c
https://conda.anaconda.org/conda-forge/linux-64/binutils_linux-64-2.36-hf3e587d_10.tar.bz2#9d5cdbfe24b182d4c749b86d500ac9d2
https://conda.anaconda.org/conda-forge/linux-64/jpeg-9e-h166bdaf_1.tar.bz2#4828c7f7208321cfbede4880463f4930
https://conda.anaconda.org/conda-forge/linux-64/libdeflate-1.12-h166bdaf_0.tar.bz2#d56e3db8fa642fb383f18f5be35eeef2
https://conda.anaconda.org/conda-forge/linux-64/xorg-libice-1.0.10-h7f98852_0.tar.bz2#d6b0b50b49eccfe0be0373be628be0f3
https://conda.anaconda.org/conda-forge/linux-64/libnsl-2.0.0-h7f98852_0.tar.bz2#39b1328babf85c7c3a61636d9cd50206
https://conda.anaconda.org/conda-forge/linux-64/pthread-stubs-0.4-h36c2ea0_1001.tar.bz2#22dad4df6e8630e8dff2428f6f6a7036
https://conda.anaconda.org/conda-forge/linux-64/lerc-3.0-h9c3ff4c_0.tar.bz2#7fcefde484980d23f0ec24c11e314d2e
https://conda.anaconda.org/conda-forge/linux-64/freexl-1.0.6-h7f98852_0.tar.bz2#fb707484f02b122edec5fe3d1f3f552f
https://conda.anaconda.org/conda-forge/linux-64/xorg-kbproto-1.0.7-h7f98852_1002.tar.bz2#4b230e8381279d76131116660f5a241a
https://conda.anaconda.org/conda-forge/linux-64/json-c-0.16-hc379101_0.tar.bz2#0e2bca6857cb73acec30387fef7c3142
https://conda.anaconda.org/conda-forge/linux-64/xorg-xproto-7.0.31-h7f98852_1007.tar.bz2#b4a4381d54784606820704f7b5f05a15
https://conda.anaconda.org/conda-forge/linux-64/bzip2-1.0.8-h7f98852_4.tar.bz2#a1fd65c7ccbf10880423d82bca54eb54
https://conda.anaconda.org/conda-forge/linux-64/libzlib-1.2.12-h166bdaf_1.tar.bz2#58eaff4f91891978af3625e7bbf958af
https://conda.anaconda.org/conda-forge/linux-64/libwebp-base-1.2.2-h7f98852_1.tar.bz2#46cf26ecc8775a0aab300ea1821aaa3c
https://conda.anaconda.org/conda-forge/linux-64/xorg-xextproto-7.3.0-h7f98852_1002.tar.bz2#1e15f6ad85a7d743a2ac68dae6c82b98
https://conda.anaconda.org/conda-forge/linux-64/pcre-8.45-h9c3ff4c_0.tar.bz2#c05d1820a6d34ff07aaaab7a9b7eddaa
https://conda.anaconda.org/conda-forge/linux-64/openssl-3.0.4-h166bdaf_0.tar.bz2#b490e2e0ef4a591b79bff4b10510f570
https://conda.anaconda.org/conda-forge/linux-64/libev-4.33-h516909a_1.tar.bz2#6f8720dff19e17ce5d48cfe7f3d2f0a3
https://conda.anaconda.org/conda-forge/linux-64/libopenblas-0.3.20-pthreads_h78a6416_0.tar.bz2#9b6d0781953c9e353faee494336cc229
https://conda.anaconda.org/conda-forge/linux-64/giflib-5.2.1-h36c2ea0_2.tar.bz2#626e68ae9cc5912d6adb79d318cf962d
https://conda.anaconda.org/conda-forge/linux-64/fribidi-1.0.10-h36c2ea0_0.tar.bz2#ac7bc6a654f8f41b352b38f4051135f8
https://conda.anaconda.org/conda-forge/linux-64/expat-2.4.8-h27087fc_0.tar.bz2#e1b07832504eeba765d648389cc387a9
https://conda.anaconda.org/conda-forge/linux-64/libuuid-2.32.1-h7f98852_1000.tar.bz2#772d69f030955d9646d3d0eaf21d859d
https://conda.anaconda.org/conda-forge/linux-64/nspr-4.32-h9c3ff4c_1.tar.bz2#29ded371806431b0499aaee146abfc3e
https://conda.anaconda.org/conda-forge/linux-64/make-4.3-hd18ef5c_1.tar.bz2#4049ebfd3190b580dffe76daed26155a
https://conda.anaconda.org/conda-forge/linux-64/xorg-libxau-1.0.9-h7f98852_0.tar.bz2#bf6f803a544f26ebbdc3bfff272eb179
https://conda.anaconda.org/conda-forge/linux-64/xz-5.2.5-h516909a_1.tar.bz2#33f601066901f3e1a85af3522a8113f9
https://conda.anaconda.org/conda-forge/linux-64/gmp-6.2.1-h58526e2_0.tar.bz2#b94cf2db16066b242ebd26db2facbd56
https://conda.anaconda.org/conda-forge/linux-64/xorg-libxdmcp-1.1.3-h7f98852_0.tar.bz2#be93aabceefa2fac576e971aef407908
https://conda.anaconda.org/conda-forge/linux-64/xorg-renderproto-0.11.1-h7f98852_1002.tar.bz2#06feff3d2634e3097ce2fe681474b534
https://conda.anaconda.org/conda-forge/linux-64/lz4-c-1.9.3-h9c3ff4c_1.tar.bz2#fbe97e8fa6f275d7c76a09e795adc3e6
https://conda.anaconda.org/conda-forge/linux-64/c-ares-1.18.1-h7f98852_0.tar.bz2#f26ef8098fab1f719c91eb760d63381a
https://conda.anaconda.org/conda-forge/linux-64/libsanitizer-10.3.0-h26c7422_16.tar.bz2#4076c395c7fa53cd708949e4be48154e
https://conda.anaconda.org/conda-forge/linux-64/icu-70.1-h27087fc_0.tar.bz2#87473a15119779e021c314249d4b4aed
https://conda.anaconda.org/conda-forge/linux-64/keyutils-1.6.1-h166bdaf_0.tar.bz2#30186d27e2c9fa62b45fb1476b7200e3
https://conda.anaconda.org/conda-forge/linux-64/libiconv-1.16-h516909a_0.tar.bz2#5c0f338a513a2943c659ae619fca9211
https://conda.anaconda.org/conda-forge/linux-64/tzcode-2022a-h166bdaf_0.tar.bz2#e9dc6be4e271364d258b1dd074c014b3
https://conda.anaconda.org/conda-forge/linux-64/graphite2-1.3.13-h58526e2_1001.tar.bz2#8c54672728e8ec6aa6db90cf2806d220
https://conda.anaconda.org/conda-forge/linux-64/pixman-0.40.0-h36c2ea0_0.tar.bz2#660e72c82f2e75a6b3fe6a6e75c79f19
https://conda.anaconda.org/conda-forge/linux-64/snappy-1.1.9-hbd366e4_1.tar.bz2#418adb239781d9690afc6b1a05514c37
https://conda.anaconda.org/conda-forge/linux-64/libedit-3.1.20191231-he28a2e2_2.tar.bz2#4d331e44109e3f0e19b4cb8f9b82f3e1
https://conda.anaconda.org/conda-forge/linux-64/geos-3.10.3-h27087fc_0.tar.bz2#d11cf000ee8b976b5ce3b425477b5689
https://conda.anaconda.org/conda-forge/linux-64/ncurses-6.3-h27087fc_1.tar.bz2#4acfc691e64342b9dae57cf2adc63238
https://conda.anaconda.org/conda-forge/linux-64/libffi-3.4.2-h7f98852_5.tar.bz2#d645c6d2ac96843a2bfaccd2d62b3ac3
https://conda.anaconda.org/conda-forge/linux-64/sed-4.8-he412f7d_0.tar.bz2#7362f0042e95681f5d371c46c83ebd08
https://conda.anaconda.org/conda-forge/linux-64/zlib-1.2.12-h166bdaf_1.tar.bz2#e4b67f2b4096807cd7d836227c026a43
https://conda.anaconda.org/conda-forge/linux-64/tk-8.6.12-h27826a3_0.tar.bz2#5b8c42eb62e9fc961af70bdd6a26e168
https://conda.anaconda.org/conda-forge/linux-64/libblas-3.9.0-15_linux64_openblas.tar.bz2#04eb983975a1be3e57d6d667414cd774
https://conda.anaconda.org/conda-forge/linux-64/udunits2-2.2.28-hc3e0081_0.tar.bz2#d4c341e0379c31e9e781d4f204726867
https://conda.anaconda.org/conda-forge/linux-64/xorg-libsm-1.2.3-hd9c2040_1000.tar.bz2#9e856f78d5c80d5a78f61e72d1d473a3
https://conda.anaconda.org/conda-forge/linux-64/glpk-5.0-h445213a_0.tar.bz2#efc4b0c33bdf47312ad5a8a0587fa653
https://conda.anaconda.org/conda-forge/linux-64/libxcb-1.13-h7f98852_1004.tar.bz2#b3653fdc58d03face9724f602218a904
https://conda.anaconda.org/conda-forge/linux-64/zstd-1.5.2-h8a70e8d_1.tar.bz2#3db63b53bb194dbaa7dc3d8833e98da2
https://conda.anaconda.org/conda-forge/linux-64/gcc_impl_linux-64-10.3.0-hf2f2afa_16.tar.bz2#a340c8ce9e702836e999984fcabd1b6e
https://conda.anaconda.org/conda-forge/linux-64/xerces-c-3.2.3-h55805fa_5.tar.bz2#ec43d75a461c31b82f554632fbed8b53
https://conda.anaconda.org/conda-forge/linux-64/krb5-1.19.3-h08a2579_0.tar.bz2#d25e05e7ee0e302b52d24491db4891eb
https://conda.anaconda.org/conda-forge/linux-64/librttopo-1.1.0-h40fdbc5_10.tar.bz2#53839666ef0d6c2cdb7998cad88989a4
https://conda.anaconda.org/conda-forge/linux-64/readline-8.1.2-h0f457ee_0.tar.bz2#db2ebbe2943aae81ed051a6a9af8e0fa
https://conda.anaconda.org/conda-forge/linux-64/gettext-0.19.8.1-h73d1719_1008.tar.bz2#af49250eca8e139378f8ff0ae9e57251
https://conda.anaconda.org/conda-forge/linux-64/hdf4-4.2.15-h10796ff_3.tar.bz2#21a8d66dc17f065023b33145c42652fe
https://conda.anaconda.org/conda-forge/linux-64/libssh2-1.10.0-ha35d2d1_2.tar.bz2#e0adb0915b3e6971a84e347f998ca837
https://conda.anaconda.org/conda-forge/linux-64/libzip-1.8.0-h1c5bbd1_1.tar.bz2#800eab3dd173ff4e48bc2e7cc5fa58e1
https://conda.anaconda.org/conda-forge/linux-64/libxml2-2.9.14-h22db469_0.tar.bz2#7d623237b73d93dd856b5dd0f5fedd6b
https://conda.anaconda.org/conda-forge/linux-64/pcre2-10.37-h032f7d1_0.tar.bz2#6469e4602e914febe6f057ad2271a54e
https://conda.anaconda.org/conda-forge/linux-64/libnghttp2-1.47.0-he49606f_0.tar.bz2#2a45132d4afadacf23f401c997ac163b
https://conda.anaconda.org/conda-forge/linux-64/libpng-1.6.37-h21135ba_2.tar.bz2#b6acf807307d033d4b7e758b4f44b036
https://conda.anaconda.org/conda-forge/linux-64/bwidget-1.9.14-ha770c72_1.tar.bz2#5746d6202ba2abad4a4707f2a2462795
https://conda.anaconda.org/conda-forge/linux-64/tktable-2.10-hb7b940f_3.tar.bz2#ea4d0879e40211fa26f38d8986db1bbe
https://conda.anaconda.org/conda-forge/linux-64/libcblas-3.9.0-15_linux64_openblas.tar.bz2#f45968428e445fd0c6472b561145812a
https://conda.anaconda.org/conda-forge/linux-64/liblapack-3.9.0-15_linux64_openblas.tar.bz2#b7078220384b8bf8db1a45e66412ac4f
https://conda.anaconda.org/conda-forge/linux-64/xorg-libx11-1.7.2-h7f98852_0.tar.bz2#12a61e640b8894504326aadafccbb790
https://conda.anaconda.org/conda-forge/linux-64/boost-cpp-1.74.0-h75c5d50_8.tar.bz2#9c5996e7741d205bc76a518173ff6b82
https://conda.anaconda.org/conda-forge/linux-64/blosc-1.21.1-h83bc5f7_3.tar.bz2#37baca23e60af4130cfc03e8ab9f8e22
https://conda.anaconda.org/conda-forge/linux-64/libtiff-4.4.0-hc85c160_1.tar.bz2#151f9fae3ab50f039c8735e47770aa2d
https://conda.anaconda.org/conda-forge/linux-64/gcc_linux-64-10.3.0-hc39de41_10.tar.bz2#6e52c54509389c06f88ea74c137f75be
https://conda.anaconda.org/conda-forge/linux-64/gfortran_impl_linux-64-10.3.0-h73f4979_16.tar.bz2#0407b066da49b4562ce054c06b40558c
https://conda.anaconda.org/conda-forge/linux-64/gxx_impl_linux-64-10.3.0-hf2f2afa_16.tar.bz2#f825336ce3d4dba77ffd1edc78e7abf9
https://conda.anaconda.org/conda-forge/linux-64/sqlite-3.38.5-h4ff8645_0.tar.bz2#a1448f0c31baec3946d2dcf09f905c9e
https://conda.anaconda.org/conda-forge/linux-64/libpq-14.4-he2d8382_0.tar.bz2#73038d5278e922bb655235ee18545ced
https://conda.anaconda.org/conda-forge/linux-64/libglib-2.70.2-h174f98d_4.tar.bz2#d44314ffae96b17657fbf3f8e47b04fc
https://conda.anaconda.org/conda-forge/linux-64/libcurl-7.83.1-h2283fc2_0.tar.bz2#2a10689a8be25009984735be9a2b26a9
https://conda.anaconda.org/conda-forge/linux-64/freetype-2.10.4-h0708190_1.tar.bz2#4a06f2ac2e5bfae7b6b245171c3f07aa
https://conda.anaconda.org/conda-forge/linux-64/gsl-2.7-he838d99_0.tar.bz2#fec079ba39c9cca093bf4c00001825de
https://conda.anaconda.org/conda-forge/linux-64/xorg-libxext-1.3.4-h7f98852_1.tar.bz2#536cc5db4d0a3ba0630541aec064b5e4
https://conda.anaconda.org/conda-forge/linux-64/xorg-libxt-1.2.1-h7f98852_2.tar.bz2#60d6eec5273f1c9af096c10c268912e3
https://conda.anaconda.org/conda-forge/linux-64/xorg-libxrender-0.9.10-h7f98852_1003.tar.bz2#f59c1242cc1dd93e72c2ee2b360979eb
https://conda.anaconda.org/conda-forge/linux-64/libkml-1.3.0-h238a007_1014.tar.bz2#abd8e196ad04781818acef26cc451d66
https://conda.anaconda.org/conda-forge/linux-64/openjpeg-2.4.0-hb52868f_1.tar.bz2#b7ad78ad2e9ee155f59e6428406ee824
https://conda.anaconda.org/conda-forge/linux-64/lcms2-2.12-hddcbb42_0.tar.bz2#797117394a4aa588de6d741b06fad80f
https://conda.anaconda.org/conda-forge/linux-64/gfortran_linux-64-10.3.0-hb09a455_10.tar.bz2#dd9058b625a6edce185db90cf99e3590
https://conda.anaconda.org/conda-forge/linux-64/gxx_linux-64-10.3.0-h2593f52_10.tar.bz2#075de70ba0493c56ed9e9cda930978ce
https://conda.anaconda.org/conda-forge/linux-64/nss-3.78-h2350873_0.tar.bz2#ab3df39f96742e6f1a9878b09274c1dc
https://conda.anaconda.org/conda-forge/linux-64/postgresql-14.4-ha7cec9f_0.tar.bz2#316889c900415b2e90d81aff57e53820
https://conda.anaconda.org/conda-forge/linux-64/hdf5-1.12.1-nompi_h4df4325_104.tar.bz2#ddecfd15c2a412c595c68ff22d3557a0
https://conda.anaconda.org/conda-forge/linux-64/cfitsio-4.1.0-hd9d235c_0.tar.bz2#ebc04a148d7204bb428f8633b89fd3dd
https://conda.anaconda.org/conda-forge/linux-64/curl-7.83.1-h2283fc2_0.tar.bz2#8968421d2c89a6b89dfc28d283971de1
https://conda.anaconda.org/conda-forge/linux-64/proj-9.0.1-h93bde94_0.tar.bz2#42d593cd1b23a43d7ac7edd9a2e84fa9
https://conda.anaconda.org/conda-forge/linux-64/fontconfig-2.14.0-h8e229c2_0.tar.bz2#f314f79031fec74adc9bff50fbaffd89
https://conda.anaconda.org/conda-forge/linux-64/kealib-1.4.15-hfe1a663_0.tar.bz2#32fda93b8db4b6be630d1ee6a94f23b9
https://conda.anaconda.org/conda-forge/linux-64/libnetcdf-4.8.1-nompi_h329d8a1_102.tar.bz2#a857af323c5edbd8e9e45fb9facb6f5f
https://conda.anaconda.org/conda-forge/linux-64/libdap4-3.20.6-hd7c4107_2.tar.bz2#c265ae57e3acdc891f3e2b93cf6784f5
https://conda.anaconda.org/conda-forge/linux-64/tiledb-2.9.5-h3f4058f_0.tar.bz2#4128510b35ed578b909ea68234c9330f
https://conda.anaconda.org/conda-forge/linux-64/libspatialite-5.0.1-hc16130b_17.tar.bz2#4e8cf38cf4ddbd367aad7baf4d01b882
https://conda.anaconda.org/conda-forge/linux-64/geotiff-1.7.1-h4fc65e6_2.tar.bz2#408a65554dfa672b3db6a5224b2bddac
https://conda.anaconda.org/conda-forge/linux-64/cairo-1.16.0-ha61ee94_1011.tar.bz2#0b53c7f7af13244374ef7226bac3f843
https://conda.anaconda.org/conda-forge/linux-64/poppler-22.04.0-h1434ded_1.tar.bz2#cccf97896845c6b3e4a7d77f0b16e47a
https://conda.anaconda.org/conda-forge/linux-64/harfbuzz-4.3.0-hf9f4e7c_0.tar.bz2#2a9c6660562d7e3fdeda0f0159e1046d
https://conda.anaconda.org/conda-forge/linux-64/libgdal-3.5.0-h59d0e54_4.tar.bz2#ed5d7f906766460a32a8bded7d6f59c7
https://conda.anaconda.org/conda-forge/linux-64/pango-1.50.7-hbd2fdc8_0.tar.bz2#1cff4bab8ed133d59b7c22fe7bf09263
https://conda.anaconda.org/conda-forge/linux-64/r-base-4.1.3-h06d3f91_1.tar.bz2#f19666e0f252407e016b5b4a4b236497
https://conda.anaconda.org/conda-forge/linux-64/r-yaml-2.3.5-r41h06615bd_0.tar.bz2#69d70ac4bc847a644f793dda88e3b725
https://conda.anaconda.org/conda-forge/linux-64/r-sourcetools-0.1.7-r41h03ef668_1002.tar.bz2#fd091d1b91094af1f13d5d2d2f2d2547
https://conda.anaconda.org/conda-forge/linux-64/r-fansi-1.0.3-r41h06615bd_0.tar.bz2#f7eb22307beab0fdd027497ad586238d
https://conda.anaconda.org/conda-forge/noarch/r-codetools-0.2_18-r41hc72bb7e_0.tar.bz2#75bcb5a3087ce83b46137aa732d3ed00
https://conda.anaconda.org/conda-forge/linux-64/r-xfun-0.31-r41h7525677_0.tar.bz2#2091ef98013be93b58d8988d9594221c
https://conda.anaconda.org/conda-forge/linux-64/r-digest-0.6.29-r41h03ef668_0.tar.bz2#9b5bcee4e903920236c5911fdd3478d8
https://conda.anaconda.org/conda-forge/noarch/r-estimability-1.3-r41hc72bb7e_1003.tar.bz2#e597a64352d3d024673a33a4967b803d
https://conda.anaconda.org/conda-forge/noarch/r-withr-2.5.0-r41hc72bb7e_0.tar.bz2#53558bed67c14dc998209e5a567b6cfd
https://conda.anaconda.org/conda-forge/linux-64/r-commonmark-1.8.0-r41h06615bd_0.tar.bz2#16a94f853a199a89e4c201caef416adc
https://conda.anaconda.org/conda-forge/linux-64/r-algdesign-1.2.1-r41h06615bd_0.tar.bz2#2013f31d1b9dc08dd80eda6df7ba762d
https://conda.anaconda.org/conda-forge/noarch/r-xtable-1.8_4-r41hc72bb7e_3.tar.bz2#f44d2ad79a8d084f757cefd24156bdfc
https://conda.anaconda.org/conda-forge/noarch/r-boot-1.3_28-r41hc72bb7e_0.tar.bz2#cf2efbebc0358a21a08423b0708adca5
https://conda.anaconda.org/conda-forge/linux-64/r-fastmap-1.1.0-r41h03ef668_0.tar.bz2#93b346ace02eba68f1f6c772e796b41d
https://conda.anaconda.org/conda-forge/noarch/r-r6-2.5.1-r41hc72bb7e_0.tar.bz2#a560798c2d5ab0dbb30feddc6b8e63fb
https://conda.anaconda.org/conda-forge/noarch/r-multcompview-0.1_8-r41hc72bb7e_1.tar.bz2#15642a887065626cba66f9bee60ef921
https://conda.anaconda.org/conda-forge/linux-64/r-lattice-0.20_45-r41hcfec24a_0.tar.bz2#895ccbaf82eba857612be799cd5744b4
https://conda.anaconda.org/conda-forge/linux-64/r-proxy-0.4_27-r41h06615bd_0.tar.bz2#2ec4323b21af9c5b67fca187c6285870
https://conda.anaconda.org/conda-forge/linux-64/r-lazyeval-0.2.2-r41hcfec24a_2.tar.bz2#bd92cb1db1aafaf10d434b910f666eab
https://conda.anaconda.org/conda-forge/noarch/r-labeling-0.4.2-r41hc72bb7e_1.tar.bz2#7536c98f2faf4bf5faf4334fb79f1328
https://conda.anaconda.org/conda-forge/linux-64/r-polyclip-1.10_0-r41h7525677_2.tar.bz2#0d5c0401e7fec88e29a4184f20976539
https://conda.anaconda.org/conda-forge/linux-64/r-cairo-1.5_15-r41h06615bd_0.tar.bz2#81163fa960c5272b2c00f7615bbfa7d5
https://conda.anaconda.org/conda-forge/linux-64/r-jsonlite-1.8.0-r41h06615bd_0.tar.bz2#4d063eba6eabed26214bb23f18f891d2
https://conda.anaconda.org/conda-forge/noarch/r-generics-0.1.2-r41hc72bb7e_0.tar.bz2#b7c9fed724c03e1a5b95f6798dce90d5
https://conda.anaconda.org/conda-forge/linux-64/r-gtools-3.9.2.2-r41h06615bd_0.tar.bz2#58f0df2f1f69876fd73d61e6c062df68
https://conda.anaconda.org/conda-forge/linux-64/r-bit-4.0.4-r41hcfec24a_0.tar.bz2#f1a85a1b4a48261f3cbf3f2d1ee1f4a2
https://conda.anaconda.org/conda-forge/linux-64/r-rcpp-1.0.8.3-r41h7525677_0.tar.bz2#b2f22babc8dab3df78d27848e7489127
https://conda.anaconda.org/conda-forge/noarch/r-clipr-0.8.0-r41hc72bb7e_0.tar.bz2#f69ab5f64faf5db5ed65ba159363c0c1
https://conda.anaconda.org/conda-forge/linux-64/r-base64enc-0.1_3-r41hcfec24a_1004.tar.bz2#4b82f226cc9b83e2fb00f266a98ab5c3
https://conda.anaconda.org/conda-forge/linux-64/r-farver-2.1.0-r41h03ef668_0.tar.bz2#ecb6a37575665c703665d052f550db11
https://conda.anaconda.org/conda-forge/noarch/r-viridislite-0.4.0-r41hc72bb7e_0.tar.bz2#00ad214f0ade6d1a8e7fedb5eb06add6
https://conda.anaconda.org/conda-forge/noarch/r-combinat-0.0_8-r41hc72bb7e_1003.tar.bz2#326f56002db59713fc84015f07040907
https://conda.anaconda.org/conda-forge/noarch/r-dbi-1.1.3-r41hc72bb7e_0.tar.bz2#844d1b00d0665a78c7a0bc55c5c038b2
https://conda.anaconda.org/conda-forge/noarch/r-r.methodss3-1.8.2-r41hc72bb7e_0.tar.bz2#f7a245e711518b5aa8a047bb28f600dd
https://conda.anaconda.org/conda-forge/linux-64/r-mvtnorm-1.1_3-r41h859d828_0.tar.bz2#8b6295b884ffe7804c26d7058508d7f5
https://conda.anaconda.org/conda-forge/noarch/r-crayon-1.5.1-r41hc72bb7e_0.tar.bz2#ac6c74e4a346d5aab9d8eac94b32bf62
https://conda.anaconda.org/conda-forge/noarch/r-rcolorbrewer-1.1_3-r41h785f33e_0.tar.bz2#579b6792713b6c8538c1aa8e4ce636c0
https://conda.anaconda.org/conda-forge/linux-64/r-fs-1.5.2-r41h7525677_1.tar.bz2#79e6d70cc797f5534d3375ebd0f0f5f5
https://conda.anaconda.org/conda-forge/linux-64/r-magrittr-2.0.3-r41h06615bd_0.tar.bz2#08ef457aa9684c94036fb5e9e2753a9f
https://conda.anaconda.org/conda-forge/linux-64/r-colorspace-2.0_3-r41h06615bd_0.tar.bz2#0d8361af2384668b542faaa293862086
https://conda.anaconda.org/conda-forge/linux-64/r-bitops-1.0_7-r41hcfec24a_0.tar.bz2#34970e9e29d1356ae782effcec4a48ac
https://conda.anaconda.org/conda-forge/linux-64/r-kernsmooth-2.23_20-r41h742201e_0.tar.bz2#fd5670906845054ee80980ffbe453c7a
https://conda.anaconda.org/conda-forge/linux-64/r-utf8-1.2.2-r41hcfec24a_0.tar.bz2#3b958ecf41127b730cc0f0865cc8953e
https://conda.anaconda.org/conda-forge/linux-64/r-ps-1.7.1-r41h06615bd_0.tar.bz2#6c1e615b4e0767020c37c17252dd614a
https://conda.anaconda.org/conda-forge/noarch/r-gtable-0.3.0-r41hc72bb7e_3.tar.bz2#c2265bc91dceb28f25d533e9d93212fa
https://conda.anaconda.org/conda-forge/noarch/r-numderiv-2016.8_1.1-r41hc72bb7e_3.tar.bz2#4117323c58f6379b3fbbe61b93a27f1b
https://conda.anaconda.org/conda-forge/linux-64/r-rappdirs-0.3.3-r41hcfec24a_0.tar.bz2#f7ce9670b3c54fc42156b761f9311df8
https://conda.anaconda.org/conda-forge/linux-64/r-mime-0.12-r41hcfec24a_0.tar.bz2#f40c9f8645ea54ce0709a5436d569e2d
https://conda.anaconda.org/conda-forge/linux-64/r-cluster-2.1.3-r41h8da6f51_0.tar.bz2#e5fa02bcc29d82c3693d6a1dea20d49b
https://conda.anaconda.org/conda-forge/linux-64/r-mass-7.3_57-r41h06615bd_0.tar.bz2#6b4722d249b851367522ef9b426f4f06
https://conda.anaconda.org/conda-forge/noarch/r-pkgconfig-2.0.3-r41hc72bb7e_1.tar.bz2#2c4f78477753ad83700a1f9d605a3002
https://conda.anaconda.org/conda-forge/linux-64/r-deldir-1.0_6-r41h859d828_0.tar.bz2#30fff76f82cae459f28816f5d81d59cb
https://conda.anaconda.org/conda-forge/noarch/r-praise-1.0.0-r41hc72bb7e_1005.tar.bz2#39585efa1172490943314141c133467b
https://conda.anaconda.org/conda-forge/linux-64/r-backports-1.4.1-r41hcfec24a_0.tar.bz2#f431d585821313884e52d64b5ef0d8cd
https://conda.anaconda.org/conda-forge/linux-64/r-glue-1.6.2-r41h06615bd_0.tar.bz2#ac6fda8a0ebf198ee98252c60146c548
https://conda.anaconda.org/conda-forge/linux-64/r-brio-1.1.3-r41hcfec24a_0.tar.bz2#8b244d9227122b63ca1191228e1e31c9
https://conda.anaconda.org/conda-forge/noarch/r-rstudioapi-0.13-r41hc72bb7e_0.tar.bz2#2918956e6f337e209b6f7582b99cfdfa
https://conda.anaconda.org/conda-forge/noarch/r-evaluate-0.15-r41hc72bb7e_0.tar.bz2#c85313c76eb5e48dc016402d32567494
https://conda.anaconda.org/conda-forge/noarch/r-assertthat-0.2.1-r41hc72bb7e_2.tar.bz2#ad338c38619f857b6df19253e9c65533
https://conda.anaconda.org/conda-forge/linux-64/r-stringi-1.7.6-r41h30a9eb7_2.tar.bz2#08eeabcaa514ea353b34bfd7923cd2c7
https://conda.anaconda.org/conda-forge/linux-64/r-rlang-1.0.2-r41h7525677_0.tar.bz2#1fd8d28780bb7ee96eb7dbf408dc1bfe
https://conda.anaconda.org/conda-forge/noarch/r-cpp11-0.4.2-r41hc72bb7e_0.tar.bz2#bbd7b71163791fdf112c9147fe224d38
https://conda.anaconda.org/conda-forge/noarch/r-highr-0.9-r41hc72bb7e_0.tar.bz2#ee521053a1f3be94e20386f0c8cb58e5
https://conda.anaconda.org/conda-forge/linux-64/r-nlme-3.1_158-r41h8da6f51_0.tar.bz2#5b014d8cc0a1c1c67aa154d65d44dde0
https://conda.anaconda.org/conda-forge/linux-64/r-zoo-1.8_10-r41h06615bd_0.tar.bz2#7686f06b5d40db849c6e21f9815c92b9
https://conda.anaconda.org/conda-forge/linux-64/r-matrix-1.4_1-r41h0154571_0.tar.bz2#46bdce8fcf422c4b74e0af3091ddfdfc
https://conda.anaconda.org/conda-forge/linux-64/r-sp-1.5_0-r41h06615bd_0.tar.bz2#9604d3d142d380414e443e53c95cd6bd
https://conda.anaconda.org/conda-forge/linux-64/r-bit64-4.0.5-r41hcfec24a_0.tar.bz2#f632c48178171d62f2817b5e09bf2e97
https://conda.anaconda.org/conda-forge/linux-64/r-units-0.8_0-r41h7525677_0.tar.bz2#0d9b077cc7eddf09f77507d17b274f24
https://conda.anaconda.org/conda-forge/linux-64/r-plyr-1.8.7-r41h7525677_0.tar.bz2#19d96cf0f4c3dd6114f40aae9d8a8f7b
https://conda.anaconda.org/conda-forge/linux-64/r-terra-1.5_21-r41hf518324_4.tar.bz2#2c4af5160d10ce99dbf42b0d950ff2aa
https://conda.anaconda.org/conda-forge/linux-64/r-rcpparmadillo-0.11.2.0.0-r41h9f5de39_0.tar.bz2#6257f717b5db156f08536bef6e0033f2
https://conda.anaconda.org/conda-forge/noarch/r-r.oo-1.25.0-r41hc72bb7e_0.tar.bz2#bab2f2fadec8ef62e345986506cbd5d2
https://conda.anaconda.org/conda-forge/linux-64/r-diffobj-0.3.5-r41hcfec24a_0.tar.bz2#01693a46ed0b5a2e355aefdffc626d67
https://conda.anaconda.org/conda-forge/noarch/r-munsell-0.5.0-r41hc72bb7e_1004.tar.bz2#f5bd0c85c189a1797f29f2731c13a4dd
https://conda.anaconda.org/conda-forge/linux-64/r-catools-1.18.2-r41h03ef668_0.tar.bz2#0b881e41ab8ed1ae4abc6e319faa9bdd
https://conda.anaconda.org/conda-forge/linux-64/r-processx-3.6.1-r41h06615bd_0.tar.bz2#17dbdae92c71e615810b6b056b8eae45
https://conda.anaconda.org/conda-forge/noarch/r-gridextra-2.3-r41hc72bb7e_1003.tar.bz2#d06a67a555a584026fead4e8439fc605
https://conda.anaconda.org/conda-forge/linux-64/r-class-7.3_20-r41hcfec24a_0.tar.bz2#f54b5d2dfe440de745481df30fd3c0c0
https://conda.anaconda.org/conda-forge/noarch/r-rprojroot-2.0.3-r41hc72bb7e_0.tar.bz2#4c97577b6f80853234f34b548d8140ec
https://conda.anaconda.org/conda-forge/linux-64/r-cli-3.3.0-r41h7525677_0.tar.bz2#804f8d2da61218d567b49c20635b1a0d
https://conda.anaconda.org/conda-forge/noarch/r-prettyunits-1.1.1-r41hc72bb7e_1.tar.bz2#c42fd8553689c310113491f0c00d3397
https://conda.anaconda.org/conda-forge/noarch/r-stringr-1.4.0-r41hc72bb7e_2.tar.bz2#9391bbf23da6c4da4c2fe0c811e6f7ce
https://conda.anaconda.org/conda-forge/linux-64/r-purrr-0.3.4-r41hcfec24a_1.tar.bz2#9f37c72ac24f3c9429e0eafcc1777463
https://conda.anaconda.org/conda-forge/noarch/r-lifecycle-1.0.1-r41hc72bb7e_0.tar.bz2#c7f563a8fc6d5d9c52da2e390fa5f856
https://conda.anaconda.org/conda-forge/linux-64/r-cachem-1.0.6-r41hcfec24a_0.tar.bz2#83ee52abba53943baba543605f3ebd91
https://conda.anaconda.org/conda-forge/linux-64/r-later-1.2.0-r41h03ef668_0.tar.bz2#40140b944765d507be5c5210c354e0cd
https://conda.anaconda.org/conda-forge/linux-64/r-htmltools-0.5.2-r41h03ef668_0.tar.bz2#e469d457ddeb4ebc92e5a4943514cb54
https://conda.anaconda.org/conda-forge/linux-64/r-ellipsis-0.3.2-r41hcfec24a_0.tar.bz2#44d25949d98811e21e9d19527b6e3cfe
https://conda.anaconda.org/conda-forge/linux-64/r-tweenr-1.0.2-r41h7525677_0.tar.bz2#1d7e97ccf32ccf767bfe7bcb0adf3e53
https://conda.anaconda.org/conda-forge/linux-64/r-wk-0.6.0-r41h03ef668_0.tar.bz2#a16794fe4fe17e366230ee3b3f45c9fd
https://conda.anaconda.org/conda-forge/linux-64/r-tzdb-0.3.0-r41h7525677_0.tar.bz2#89283499fe8f16a1e7cfd43bad4371df
https://conda.anaconda.org/conda-forge/noarch/r-sandwich-3.0_2-r41hc72bb7e_0.tar.bz2#45a9f6a932b0c163489863479b367325
https://conda.anaconda.org/conda-forge/linux-64/r-survival-3.3_1-r41h06615bd_0.tar.bz2#ccaa8f0b9515fb59f29a74ec6078179d
https://conda.anaconda.org/conda-forge/linux-64/r-rcppeigen-0.3.3.9.2-r41h43535f1_0.tar.bz2#c4ace2141584511a68d21c6b60caa386
https://conda.anaconda.org/conda-forge/linux-64/r-mgcv-1.8_40-r41h0154571_0.tar.bz2#94ba55d80afb3db8a19d598e313ce078
https://conda.anaconda.org/conda-forge/linux-64/r-igraph-1.3.2-r41hb34fc8a_0.tar.bz2#676ec59811c646d7cdcbd5b3b27215a9
https://conda.anaconda.org/conda-forge/noarch/r-emmeans-1.7.5-r41hc72bb7e_0.tar.bz2#5a2f56bba917d613e2bf02dd2c6435cc
https://conda.anaconda.org/conda-forge/linux-64/r-raster-3.5_15-r41h7525677_1.tar.bz2#737e716fb0b64a94783d781b8b8fd38f
https://conda.anaconda.org/conda-forge/noarch/r-r.utils-2.11.0-r41hc72bb7e_0.tar.bz2#6bcd873848899d621a61a4f81dd4e550
https://conda.anaconda.org/conda-forge/noarch/r-gplots-3.1.3-r41hc72bb7e_0.tar.bz2#9048c0260d5e2cc67215fd1b85765975
https://conda.anaconda.org/conda-forge/noarch/r-callr-3.7.0-r41hc72bb7e_0.tar.bz2#d27c5bc38ea47068c3e4b85313553767
https://conda.anaconda.org/conda-forge/linux-64/r-e1071-1.7_11-r41h7525677_0.tar.bz2#8d1e072de8b5c21e7d18558ccfb88ee1
https://conda.anaconda.org/conda-forge/noarch/r-desc-1.4.1-r41hc72bb7e_0.tar.bz2#259389838e07898dbc82ae38fba42541
https://conda.anaconda.org/conda-forge/linux-64/r-vctrs-0.4.1-r41h7525677_0.tar.bz2#5bc4133cae4a09d70dd11f3c29c57a4c
https://conda.anaconda.org/conda-forge/linux-64/r-reshape2-1.4.4-r41h03ef668_1.tar.bz2#e4cf80361b672fe5bc8431c08a1741c7
https://conda.anaconda.org/conda-forge/noarch/r-scales-1.2.0-r41hc72bb7e_0.tar.bz2#0fb58a9c9b925c7c5f491d2c7e2b78da
https://conda.anaconda.org/conda-forge/linux-64/r-promises-1.2.0.1-r41h03ef668_0.tar.bz2#6d431b9ea203e13b4ff96694aa307d1c
https://conda.anaconda.org/conda-forge/noarch/r-jquerylib-0.1.4-r41hc72bb7e_0.tar.bz2#f9980aa441835740ddb0f4cd684d4a38
https://conda.anaconda.org/conda-forge/linux-64/r-sass-0.4.1-r41h7525677_0.tar.bz2#231fedc320942dd771f1cd07cc7d8e65
https://conda.anaconda.org/conda-forge/noarch/r-htmlwidgets-1.5.4-r41hc72bb7e_0.tar.bz2#ba4ce5d4373436bb5fd3351f63bfdf87
https://conda.anaconda.org/conda-forge/noarch/r-crosstalk-1.2.0-r41hc72bb7e_0.tar.bz2#3d9ce8336764bb11028811f88d25fea9
https://conda.anaconda.org/conda-forge/noarch/r-fontawesome-0.2.2-r41hc72bb7e_0.tar.bz2#6b3fac6582dbfcca222a872db1924d45
https://conda.anaconda.org/conda-forge/linux-64/r-s2-1.0.7-r41h09fa465_1.tar.bz2#1cc0d9d2e5e148ed6d794c08f66af78a
https://conda.anaconda.org/conda-forge/noarch/r-th.data-1.1_1-r41hc72bb7e_0.tar.bz2#66565c00867d62b885048c7bc45cb345
https://conda.anaconda.org/conda-forge/linux-64/r-graphlayouts-0.8.0-r41h03ef668_0.tar.bz2#45f9cc5147e4e1b7b5166b9aea30e4d2
https://conda.anaconda.org/conda-forge/noarch/r-lsmeans-2.30_0-r41hc72bb7e_2.tar.bz2#1f541d37662f9cd942df59c4956a3941
https://conda.anaconda.org/conda-forge/noarch/r-spdata-2.0.1-r41hc72bb7e_0.tar.bz2#bbc542bf9939c63df11f4482393531cb
https://conda.anaconda.org/conda-forge/noarch/r-r.cache-0.15.0-r41hc72bb7e_0.tar.bz2#14f2cdab1274b5e15661c3742eadef4a
https://conda.anaconda.org/conda-forge/linux-64/r-classint-0.4_7-r41h8da6f51_0.tar.bz2#ef35dc4520516fd215c4bba24ec06653
https://conda.anaconda.org/conda-forge/linux-64/r-pkgload-1.2.4-r41h03ef668_0.tar.bz2#86f05eacdc1a8caedd4bc5e79c19a196
https://conda.anaconda.org/conda-forge/linux-64/r-tidyselect-1.1.2-r41hc72bb7e_0.tar.bz2#fac410c7582a4f18243e67095c67e01f
https://conda.anaconda.org/conda-forge/noarch/r-pillar-1.7.0-r41hc72bb7e_0.tar.bz2#2451c20cf1ed7efdcad45d8f5a8eff27
https://conda.anaconda.org/conda-forge/noarch/r-hms-1.1.1-r41hc72bb7e_0.tar.bz2#299591068ce399f1f26483875d245814
https://conda.anaconda.org/conda-forge/noarch/r-pheatmap-1.0.12-r41hc72bb7e_2.tar.bz2#d0a54bcd738d1806c97a1fa46c2a8e05
https://conda.anaconda.org/conda-forge/linux-64/r-httpuv-1.6.5-r41h03ef668_0.tar.bz2#13db980f9fb1ac783abe8932695543f6
https://conda.anaconda.org/conda-forge/noarch/r-bslib-0.3.1-r41hc72bb7e_0.tar.bz2#8a524f55fbcbc43c78c147dd20bb23aa
https://conda.anaconda.org/conda-forge/noarch/r-threejs-0.3.3-r41hc72bb7e_1.tar.bz2#96bf4d294349ac4bfb4fc447d7ff170a
https://conda.anaconda.org/conda-forge/noarch/r-multcomp-1.4_19-r41hc72bb7e_0.tar.bz2#1dafbcc7045f2810a7905bde7eb12615
https://conda.anaconda.org/conda-forge/linux-64/r-sf-1.0_7-r41h3f368ee_3.tar.bz2#49dea5124764e25bd152dd0cfccd305c
https://conda.anaconda.org/conda-forge/linux-64/r-tibble-3.1.7-r41h06615bd_0.tar.bz2#937ed4efaa6c202678ebf77c72670af8
https://conda.anaconda.org/conda-forge/noarch/r-progress-1.2.2-r41hc72bb7e_2.tar.bz2#c6aa377edb04c05af94790da9294a54c
https://conda.anaconda.org/conda-forge/noarch/r-shiny-1.7.1-r41h785f33e_0.tar.bz2#c5ef6fd259c1a34b7078652be8efe74f
https://conda.anaconda.org/conda-forge/linux-64/r-spdep-1.2_4-r41h06615bd_0.tar.bz2#19dd9eb4a3c983712221605bbcbbbdd6
https://conda.anaconda.org/conda-forge/noarch/r-rematch2-2.1.2-r41hc72bb7e_1.tar.bz2#5c26fbf849007fc5022745ec14e38822
https://conda.anaconda.org/conda-forge/noarch/r-forcats-0.5.1-r41hc72bb7e_0.tar.bz2#9e453b5cd97e61d2b6b66be29efb1d3d
https://conda.anaconda.org/conda-forge/linux-64/r-dplyr-1.0.9-r41h7525677_0.tar.bz2#0458e3896ce40024575314e5fcee1a9b
https://conda.anaconda.org/conda-forge/linux-64/r-vroom-1.5.7-r41h03ef668_0.tar.bz2#ba122d468f960bc37b8c9d4cef8f17bd
https://conda.anaconda.org/conda-forge/noarch/r-miniui-0.1.1.1-r41hc72bb7e_1002.tar.bz2#4a3f36e22f1ec19abc294bf3b23f54b5
https://conda.anaconda.org/conda-forge/noarch/r-styler-1.7.0-r41hc72bb7e_0.tar.bz2#e7357a807dfb0a9e8179ac21dcfc94c0
https://conda.anaconda.org/conda-forge/noarch/r-waldo-0.4.0-r41hc72bb7e_0.tar.bz2#974972fb4e38703ed8e1722f45600e8b
https://conda.anaconda.org/conda-forge/linux-64/r-tidyr-1.2.0-r41h03ef668_0.tar.bz2#5698a9bae120e261d5d6faf89fe695aa
https://conda.anaconda.org/conda-forge/linux-64/r-readr-2.1.2-r41h03ef668_0.tar.bz2#791dbd8cffa9a8c8534c9c2b51e6e11f
https://conda.anaconda.org/conda-forge/linux-64/r-testthat-3.1.4-r41h7525677_0.tar.bz2#ca36c7db9d50f7481e2742454b32ad92
https://conda.anaconda.org/conda-forge/linux-64/r-tidygraph-1.2.1-r41h7525677_0.tar.bz2#028445a74d6465441d01d558a55818b2
https://conda.anaconda.org/conda-forge/linux-64/r-haven-2.5.0-r41h7525677_0.tar.bz2#dfa66ef35329e99a0b34f66f2b2bf16b
https://conda.anaconda.org/conda-forge/linux-64/r-isoband-0.2.5-r41h03ef668_0.tar.bz2#dfd1983b86abb444e3ae58e3b97cd148
https://conda.anaconda.org/conda-forge/noarch/r-labelled-2.9.1-r41hc72bb7e_0.tar.bz2#7717afacf1e781d3f438f9eb225a62af
https://conda.anaconda.org/conda-forge/noarch/r-ggplot2-3.3.6-r41hc72bb7e_0.tar.bz2#e305660b2a4c78aea808bc5c2aa910a3
https://conda.anaconda.org/conda-forge/noarch/r-questionr-0.7.7-r41hc72bb7e_0.tar.bz2#585da5a513a46c3cc5864bd30e325aa3
https://conda.anaconda.org/conda-forge/noarch/r-viridis-0.6.2-r41hc72bb7e_0.tar.bz2#48e4402ef0d6b30777f48af10ebb0020
https://conda.anaconda.org/conda-forge/linux-64/r-ggrepel-0.9.1-r41h03ef668_0.tar.bz2#cc48a8f8b60cb9408f1598d973cd8187
https://conda.anaconda.org/conda-forge/linux-64/r-ggforce-0.3.3-r41h7525677_0.tar.bz2#e29cddadbe8d20a78809d467e671226e
https://conda.anaconda.org/conda-forge/noarch/r-klar-1.7_0-r41hc72bb7e_0.tar.bz2#7a88d53f55b57964afeb6f223715b297
https://conda.anaconda.org/conda-forge/linux-64/r-ggraph-2.0.5-r41h03ef668_0.tar.bz2#398bed8b0aba458651aa5ab6133a782b
https://conda.anaconda.org/conda-forge/noarch/r-agricolae-1.3_5-r41hc72bb7e_0.tar.bz2#5cb8ca77c52df6b8a050d671c973af28
