# This file may be used to create an environment using:
# $ conda create --name <env> --file <this file>
# platform: linux-64
@EXPLICIT
https://conda.anaconda.org/conda-forge/linux-64/libstdcxx-ng-12.1.0-ha89aaad_16.tar.bz2#6f5ba041a41eb102a1027d9e68731be7
https://conda.anaconda.org/conda-forge/linux-64/libstdcxx-devel_linux-64-10.3.0-he6cfe16_16.tar.bz2#baae55f62968547a3731cb668736f611
https://conda.anaconda.org/conda-forge/noarch/font-ttf-source-code-pro-2.038-h77eed37_0.tar.bz2#4d59c254e01d9cde7957100457e2d5fb
https://conda.anaconda.org/conda-forge/linux-64/ca-certificates-2022.6.15-ha878542_0.tar.bz2#c320890f77fd1d617fa876e0982002c2
https://conda.anaconda.org/conda-forge/noarch/_r-mutex-1.0.1-anacondar_1.tar.bz2#19f9db5f4f1b7f5ef5f6d67207f25f38
https://conda.anaconda.org/conda-forge/linux-64/libgfortran5-12.1.0-hdcd56e2_16.tar.bz2#b02605b875559ff99f04351fd5040760
https://conda.anaconda.org/conda-forge/linux-64/_libgcc_mutex-0.1-conda_forge.tar.bz2#d7c89558ba9fa0495403155b64376d81
https://conda.anaconda.org/conda-forge/linux-64/pandoc-2.18-ha770c72_0.tar.bz2#518b07342786b362238d22f76789ed59
https://conda.anaconda.org/conda-forge/noarch/kernel-headers_linux-64-2.6.32-he073ed8_15.tar.bz2#5dd5127afd710f91f6a75821bac0a4f0
https://conda.anaconda.org/conda-forge/noarch/font-ttf-dejavu-sans-mono-2.37-hab24e00_0.tar.bz2#0c96522c6bdaed4b1566d11387caaf45
https://conda.anaconda.org/conda-forge/noarch/font-ttf-inconsolata-3.000-h77eed37_0.tar.bz2#34893075a5c9e55cdafac56607368fc6
https://conda.anaconda.org/conda-forge/noarch/font-ttf-ubuntu-0.83-hab24e00_0.tar.bz2#19410c3df09dfb12d1206132a1d357c5
https://conda.anaconda.org/conda-forge/linux-64/ld_impl_linux-64-2.36.1-hea4e1c9_2.tar.bz2#bd4f2e711b39af170e7ff15163fe87ee
https://conda.anaconda.org/conda-forge/linux-64/libgcc-devel_linux-64-10.3.0-he6cfe16_16.tar.bz2#878a30aba0574e69bd920c55f243aa06
https://conda.anaconda.org/conda-forge/linux-64/libgfortran-ng-12.1.0-h69a702a_16.tar.bz2#6bf15e29a20f614b18ae89368260d0a2
https://conda.anaconda.org/conda-forge/linux-64/libgomp-12.1.0-h8d9b700_16.tar.bz2#f013cf7749536ce43d82afbffdf499ab
https://conda.anaconda.org/conda-forge/noarch/sysroot_linux-64-2.12-he073ed8_15.tar.bz2#66c192522eacf5bb763568b4e415d133
https://conda.anaconda.org/conda-forge/noarch/fonts-conda-forge-1-0.tar.bz2#f766549260d6815b0c52253f1fb1bb29
https://conda.anaconda.org/conda-forge/linux-64/_openmp_mutex-4.5-2_gnu.tar.bz2#73aaf86a425cc6e73fcf236a5a46396d
https://conda.anaconda.org/conda-forge/linux-64/binutils_impl_linux-64-2.36.1-h193b22a_2.tar.bz2#32aae4265554a47ea77f7c09f86aeb3b
https://conda.anaconda.org/conda-forge/noarch/fonts-conda-ecosystem-1-0.tar.bz2#fee5683a3f04bd15cbd8318b096a27ab
https://conda.anaconda.org/conda-forge/linux-64/libgcc-ng-12.1.0-h8d9b700_16.tar.bz2#4f05bc9844f7c101e6e147dab3c88d5c
https://conda.anaconda.org/conda-forge/linux-64/binutils_linux-64-2.36-hf3e587d_10.tar.bz2#9d5cdbfe24b182d4c749b86d500ac9d2
https://conda.anaconda.org/conda-forge/linux-64/pixman-0.40.0-h36c2ea0_0.tar.bz2#660e72c82f2e75a6b3fe6a6e75c79f19
https://conda.anaconda.org/conda-forge/linux-64/expat-2.4.8-h27087fc_0.tar.bz2#e1b07832504eeba765d648389cc387a9
https://conda.anaconda.org/conda-forge/linux-64/libiconv-1.16-h516909a_0.tar.bz2#5c0f338a513a2943c659ae619fca9211
https://conda.anaconda.org/conda-forge/linux-64/xorg-libxau-1.0.9-h7f98852_0.tar.bz2#bf6f803a544f26ebbdc3bfff272eb179
https://conda.anaconda.org/conda-forge/linux-64/icu-70.1-h27087fc_0.tar.bz2#87473a15119779e021c314249d4b4aed
https://conda.anaconda.org/conda-forge/linux-64/libwebp-base-1.2.2-h7f98852_1.tar.bz2#46cf26ecc8775a0aab300ea1821aaa3c
https://conda.anaconda.org/conda-forge/linux-64/pthread-stubs-0.4-h36c2ea0_1001.tar.bz2#22dad4df6e8630e8dff2428f6f6a7036
https://conda.anaconda.org/conda-forge/linux-64/xorg-xextproto-7.3.0-h7f98852_1002.tar.bz2#1e15f6ad85a7d743a2ac68dae6c82b98
https://conda.anaconda.org/conda-forge/linux-64/c-ares-1.18.1-h7f98852_0.tar.bz2#f26ef8098fab1f719c91eb760d63381a
https://conda.anaconda.org/conda-forge/linux-64/openssl-3.0.4-h166bdaf_0.tar.bz2#b490e2e0ef4a591b79bff4b10510f570
https://conda.anaconda.org/conda-forge/linux-64/make-4.3-hd18ef5c_1.tar.bz2#4049ebfd3190b580dffe76daed26155a
https://conda.anaconda.org/conda-forge/linux-64/fribidi-1.0.10-h36c2ea0_0.tar.bz2#ac7bc6a654f8f41b352b38f4051135f8
https://conda.anaconda.org/conda-forge/linux-64/pcre-8.45-h9c3ff4c_0.tar.bz2#c05d1820a6d34ff07aaaab7a9b7eddaa
https://conda.anaconda.org/conda-forge/linux-64/xorg-libxdmcp-1.1.3-h7f98852_0.tar.bz2#be93aabceefa2fac576e971aef407908
https://conda.anaconda.org/conda-forge/linux-64/libev-4.33-h516909a_1.tar.bz2#6f8720dff19e17ce5d48cfe7f3d2f0a3
https://conda.anaconda.org/conda-forge/linux-64/xz-5.2.5-h516909a_1.tar.bz2#33f601066901f3e1a85af3522a8113f9
https://conda.anaconda.org/conda-forge/linux-64/libsanitizer-10.3.0-h26c7422_16.tar.bz2#4076c395c7fa53cd708949e4be48154e
https://conda.anaconda.org/conda-forge/linux-64/libuuid-2.32.1-h7f98852_1000.tar.bz2#772d69f030955d9646d3d0eaf21d859d
https://conda.anaconda.org/conda-forge/linux-64/bzip2-1.0.8-h7f98852_4.tar.bz2#a1fd65c7ccbf10880423d82bca54eb54
https://conda.anaconda.org/conda-forge/linux-64/libdeflate-1.12-h166bdaf_0.tar.bz2#d56e3db8fa642fb383f18f5be35eeef2
https://conda.anaconda.org/conda-forge/linux-64/keyutils-1.6.1-h166bdaf_0.tar.bz2#30186d27e2c9fa62b45fb1476b7200e3
https://conda.anaconda.org/conda-forge/linux-64/graphite2-1.3.13-h58526e2_1001.tar.bz2#8c54672728e8ec6aa6db90cf2806d220
https://conda.anaconda.org/conda-forge/linux-64/libopenblas-0.3.20-pthreads_h78a6416_0.tar.bz2#9b6d0781953c9e353faee494336cc229
https://conda.anaconda.org/conda-forge/linux-64/libzlib-1.2.12-h166bdaf_1.tar.bz2#58eaff4f91891978af3625e7bbf958af
https://conda.anaconda.org/conda-forge/linux-64/libffi-3.4.2-h7f98852_5.tar.bz2#d645c6d2ac96843a2bfaccd2d62b3ac3
https://conda.anaconda.org/conda-forge/linux-64/lz4-c-1.9.3-h9c3ff4c_1.tar.bz2#fbe97e8fa6f275d7c76a09e795adc3e6
https://conda.anaconda.org/conda-forge/linux-64/sed-4.8-he412f7d_0.tar.bz2#7362f0042e95681f5d371c46c83ebd08
https://conda.anaconda.org/conda-forge/linux-64/xorg-xproto-7.0.31-h7f98852_1007.tar.bz2#b4a4381d54784606820704f7b5f05a15
https://conda.anaconda.org/conda-forge/linux-64/xorg-kbproto-1.0.7-h7f98852_1002.tar.bz2#4b230e8381279d76131116660f5a241a
https://conda.anaconda.org/conda-forge/linux-64/lerc-3.0-h9c3ff4c_0.tar.bz2#7fcefde484980d23f0ec24c11e314d2e
https://conda.anaconda.org/conda-forge/linux-64/ncurses-6.3-h27087fc_1.tar.bz2#4acfc691e64342b9dae57cf2adc63238
https://conda.anaconda.org/conda-forge/linux-64/xorg-libice-1.0.10-h7f98852_0.tar.bz2#d6b0b50b49eccfe0be0373be628be0f3
https://conda.anaconda.org/conda-forge/linux-64/libedit-3.1.20191231-he28a2e2_2.tar.bz2#4d331e44109e3f0e19b4cb8f9b82f3e1
https://conda.anaconda.org/conda-forge/linux-64/jpeg-9e-h166bdaf_1.tar.bz2#4828c7f7208321cfbede4880463f4930
https://conda.anaconda.org/conda-forge/linux-64/xorg-renderproto-0.11.1-h7f98852_1002.tar.bz2#06feff3d2634e3097ce2fe681474b534
https://conda.anaconda.org/conda-forge/linux-64/libxcb-1.13-h7f98852_1004.tar.bz2#b3653fdc58d03face9724f602218a904
https://conda.anaconda.org/conda-forge/linux-64/gcc_impl_linux-64-10.3.0-hf2f2afa_16.tar.bz2#a340c8ce9e702836e999984fcabd1b6e
https://conda.anaconda.org/conda-forge/linux-64/libblas-3.9.0-15_linux64_openblas.tar.bz2#04eb983975a1be3e57d6d667414cd774
https://conda.anaconda.org/conda-forge/linux-64/tk-8.6.12-h27826a3_0.tar.bz2#5b8c42eb62e9fc961af70bdd6a26e168
https://conda.anaconda.org/conda-forge/linux-64/zlib-1.2.12-h166bdaf_1.tar.bz2#e4b67f2b4096807cd7d836227c026a43
https://conda.anaconda.org/conda-forge/linux-64/gettext-0.19.8.1-h73d1719_1008.tar.bz2#af49250eca8e139378f8ff0ae9e57251
https://conda.anaconda.org/conda-forge/linux-64/zstd-1.5.2-h8a70e8d_1.tar.bz2#3db63b53bb194dbaa7dc3d8833e98da2
https://conda.anaconda.org/conda-forge/linux-64/readline-8.1.2-h0f457ee_0.tar.bz2#db2ebbe2943aae81ed051a6a9af8e0fa
https://conda.anaconda.org/conda-forge/linux-64/xorg-libsm-1.2.3-hd9c2040_1000.tar.bz2#9e856f78d5c80d5a78f61e72d1d473a3
https://conda.anaconda.org/conda-forge/linux-64/krb5-1.19.3-h08a2579_0.tar.bz2#d25e05e7ee0e302b52d24491db4891eb
https://conda.anaconda.org/conda-forge/linux-64/xorg-libx11-1.7.2-h7f98852_0.tar.bz2#12a61e640b8894504326aadafccbb790
https://conda.anaconda.org/conda-forge/linux-64/gfortran_impl_linux-64-10.3.0-h73f4979_16.tar.bz2#0407b066da49b4562ce054c06b40558c
https://conda.anaconda.org/conda-forge/linux-64/gcc_linux-64-10.3.0-hc39de41_10.tar.bz2#6e52c54509389c06f88ea74c137f75be
https://conda.anaconda.org/conda-forge/linux-64/gxx_impl_linux-64-10.3.0-hf2f2afa_16.tar.bz2#f825336ce3d4dba77ffd1edc78e7abf9
https://conda.anaconda.org/conda-forge/linux-64/liblapack-3.9.0-15_linux64_openblas.tar.bz2#b7078220384b8bf8db1a45e66412ac4f
https://conda.anaconda.org/conda-forge/linux-64/libcblas-3.9.0-15_linux64_openblas.tar.bz2#f45968428e445fd0c6472b561145812a
https://conda.anaconda.org/conda-forge/linux-64/bwidget-1.9.14-ha770c72_1.tar.bz2#5746d6202ba2abad4a4707f2a2462795
https://conda.anaconda.org/conda-forge/linux-64/tktable-2.10-hb7b940f_3.tar.bz2#ea4d0879e40211fa26f38d8986db1bbe
https://conda.anaconda.org/conda-forge/linux-64/libnghttp2-1.47.0-he49606f_0.tar.bz2#2a45132d4afadacf23f401c997ac163b
https://conda.anaconda.org/conda-forge/linux-64/libxml2-2.9.14-h22db469_0.tar.bz2#7d623237b73d93dd856b5dd0f5fedd6b
https://conda.anaconda.org/conda-forge/linux-64/pcre2-10.37-h032f7d1_0.tar.bz2#6469e4602e914febe6f057ad2271a54e
https://conda.anaconda.org/conda-forge/linux-64/libpng-1.6.37-h21135ba_2.tar.bz2#b6acf807307d033d4b7e758b4f44b036
https://conda.anaconda.org/conda-forge/linux-64/libssh2-1.10.0-ha35d2d1_2.tar.bz2#e0adb0915b3e6971a84e347f998ca837
https://conda.anaconda.org/conda-forge/linux-64/libglib-2.70.2-h174f98d_4.tar.bz2#d44314ffae96b17657fbf3f8e47b04fc
https://conda.anaconda.org/conda-forge/linux-64/libtiff-4.4.0-hc85c160_1.tar.bz2#151f9fae3ab50f039c8735e47770aa2d
https://conda.anaconda.org/conda-forge/linux-64/xorg-libxt-1.2.1-h7f98852_2.tar.bz2#60d6eec5273f1c9af096c10c268912e3
https://conda.anaconda.org/conda-forge/linux-64/xorg-libxext-1.3.4-h7f98852_1.tar.bz2#536cc5db4d0a3ba0630541aec064b5e4
https://conda.anaconda.org/conda-forge/linux-64/xorg-libxrender-0.9.10-h7f98852_1003.tar.bz2#f59c1242cc1dd93e72c2ee2b360979eb
https://conda.anaconda.org/conda-forge/linux-64/gfortran_linux-64-10.3.0-hb09a455_10.tar.bz2#dd9058b625a6edce185db90cf99e3590
https://conda.anaconda.org/conda-forge/linux-64/gxx_linux-64-10.3.0-h2593f52_10.tar.bz2#075de70ba0493c56ed9e9cda930978ce
https://conda.anaconda.org/conda-forge/linux-64/gsl-2.7-he838d99_0.tar.bz2#fec079ba39c9cca093bf4c00001825de
https://conda.anaconda.org/conda-forge/linux-64/freetype-2.10.4-h0708190_1.tar.bz2#4a06f2ac2e5bfae7b6b245171c3f07aa
https://conda.anaconda.org/conda-forge/linux-64/libcurl-7.83.1-h2283fc2_0.tar.bz2#2a10689a8be25009984735be9a2b26a9
https://conda.anaconda.org/conda-forge/linux-64/fontconfig-2.14.0-h8e229c2_0.tar.bz2#f314f79031fec74adc9bff50fbaffd89
https://conda.anaconda.org/conda-forge/linux-64/curl-7.83.1-h2283fc2_0.tar.bz2#8968421d2c89a6b89dfc28d283971de1
https://conda.anaconda.org/conda-forge/linux-64/cairo-1.16.0-ha61ee94_1011.tar.bz2#0b53c7f7af13244374ef7226bac3f843
https://conda.anaconda.org/conda-forge/linux-64/harfbuzz-4.3.0-hf9f4e7c_0.tar.bz2#2a9c6660562d7e3fdeda0f0159e1046d
https://conda.anaconda.org/conda-forge/linux-64/pango-1.50.7-hbd2fdc8_0.tar.bz2#1cff4bab8ed133d59b7c22fe7bf09263
https://conda.anaconda.org/conda-forge/linux-64/r-base-4.1.3-h06d3f91_1.tar.bz2#f19666e0f252407e016b5b4a4b236497
https://conda.anaconda.org/conda-forge/linux-64/r-lattice-0.20_45-r41hcfec24a_0.tar.bz2#895ccbaf82eba857612be799cd5744b4
https://conda.anaconda.org/conda-forge/linux-64/r-farver-2.1.0-r41h03ef668_0.tar.bz2#ecb6a37575665c703665d052f550db11
https://conda.anaconda.org/conda-forge/linux-64/r-data.table-1.14.2-r41hcfec24a_0.tar.bz2#8d7522af98639b23f484ae6077073212
https://conda.anaconda.org/conda-forge/noarch/r-evaluate-0.15-r41hc72bb7e_0.tar.bz2#c85313c76eb5e48dc016402d32567494
https://conda.anaconda.org/conda-forge/linux-64/r-glue-1.6.2-r41h06615bd_0.tar.bz2#ac6fda8a0ebf198ee98252c60146c548
https://conda.anaconda.org/conda-forge/linux-64/r-yaml-2.3.5-r41h06615bd_0.tar.bz2#69d70ac4bc847a644f793dda88e3b725
https://conda.anaconda.org/conda-forge/noarch/r-rstudioapi-0.13-r41hc72bb7e_0.tar.bz2#2918956e6f337e209b6f7582b99cfdfa
https://conda.anaconda.org/conda-forge/linux-64/r-brio-1.1.3-r41hcfec24a_0.tar.bz2#8b244d9227122b63ca1191228e1e31c9
https://conda.anaconda.org/conda-forge/noarch/r-praise-1.0.0-r41hc72bb7e_1005.tar.bz2#39585efa1172490943314141c133467b
https://conda.anaconda.org/conda-forge/linux-64/r-rlang-1.0.2-r41h7525677_0.tar.bz2#1fd8d28780bb7ee96eb7dbf408dc1bfe
https://conda.anaconda.org/conda-forge/linux-64/r-base64enc-0.1_3-r41hcfec24a_1004.tar.bz2#4b82f226cc9b83e2fb00f266a98ab5c3
https://conda.anaconda.org/conda-forge/linux-64/r-magrittr-2.0.3-r41h06615bd_0.tar.bz2#08ef457aa9684c94036fb5e9e2753a9f
https://conda.anaconda.org/conda-forge/linux-64/r-utf8-1.2.2-r41hcfec24a_0.tar.bz2#3b958ecf41127b730cc0f0865cc8953e
https://conda.anaconda.org/conda-forge/noarch/r-pkgconfig-2.0.3-r41hc72bb7e_1.tar.bz2#2c4f78477753ad83700a1f9d605a3002
https://conda.anaconda.org/conda-forge/noarch/r-labeling-0.4.2-r41hc72bb7e_1.tar.bz2#7536c98f2faf4bf5faf4334fb79f1328
https://conda.anaconda.org/conda-forge/linux-64/r-sys-3.4-r41hcfec24a_0.tar.bz2#bdf70442cc075fb748f874f4ebe922a8
https://conda.anaconda.org/conda-forge/linux-64/r-mass-7.3_57-r41h06615bd_0.tar.bz2#6b4722d249b851367522ef9b426f4f06
https://conda.anaconda.org/conda-forge/linux-64/r-fs-1.5.2-r41h7525677_1.tar.bz2#79e6d70cc797f5534d3375ebd0f0f5f5
https://conda.anaconda.org/conda-forge/noarch/r-rematch-1.0.1-r41hc72bb7e_1004.tar.bz2#540d28118b04ef5f127cabacf1f405ef
https://conda.anaconda.org/conda-forge/noarch/r-rcolorbrewer-1.1_3-r41h785f33e_0.tar.bz2#579b6792713b6c8538c1aa8e4ce636c0
https://conda.anaconda.org/conda-forge/linux-64/r-curl-4.3.2-r41hcfec24a_0.tar.bz2#18de0d29e4da1b0c3d2200896a7c5cf8
https://conda.anaconda.org/conda-forge/noarch/r-viridislite-0.4.0-r41hc72bb7e_0.tar.bz2#00ad214f0ade6d1a8e7fedb5eb06add6
https://conda.anaconda.org/conda-forge/linux-64/r-bit-4.0.4-r41hcfec24a_0.tar.bz2#f1a85a1b4a48261f3cbf3f2d1ee1f4a2
https://conda.anaconda.org/conda-forge/linux-64/r-jsonlite-1.8.0-r41h06615bd_0.tar.bz2#4d063eba6eabed26214bb23f18f891d2
https://conda.anaconda.org/conda-forge/linux-64/r-rappdirs-0.3.3-r41hcfec24a_0.tar.bz2#f7ce9670b3c54fc42156b761f9311df8
https://conda.anaconda.org/conda-forge/linux-64/r-ps-1.7.1-r41h06615bd_0.tar.bz2#6c1e615b4e0767020c37c17252dd614a
https://conda.anaconda.org/conda-forge/noarch/r-crayon-1.5.1-r41hc72bb7e_0.tar.bz2#ac6c74e4a346d5aab9d8eac94b32bf62
https://conda.anaconda.org/conda-forge/noarch/r-gtable-0.3.0-r41hc72bb7e_3.tar.bz2#c2265bc91dceb28f25d533e9d93212fa
https://conda.anaconda.org/conda-forge/noarch/r-withr-2.5.0-r41hc72bb7e_0.tar.bz2#53558bed67c14dc998209e5a567b6cfd
https://conda.anaconda.org/conda-forge/linux-64/r-stringi-1.7.6-r41h30a9eb7_2.tar.bz2#08eeabcaa514ea353b34bfd7923cd2c7
https://conda.anaconda.org/conda-forge/noarch/r-cpp11-0.4.2-r41hc72bb7e_0.tar.bz2#bbd7b71163791fdf112c9147fe224d38
https://conda.anaconda.org/conda-forge/linux-64/r-backports-1.4.1-r41hcfec24a_0.tar.bz2#f431d585821313884e52d64b5ef0d8cd
https://conda.anaconda.org/conda-forge/noarch/r-dbi-1.1.3-r41hc72bb7e_0.tar.bz2#844d1b00d0665a78c7a0bc55c5c038b2
https://conda.anaconda.org/conda-forge/noarch/r-clipr-0.8.0-r41hc72bb7e_0.tar.bz2#f69ab5f64faf5db5ed65ba159363c0c1
https://conda.anaconda.org/conda-forge/linux-64/r-rcpp-1.0.8.3-r41h7525677_0.tar.bz2#b2f22babc8dab3df78d27848e7489127
https://conda.anaconda.org/conda-forge/linux-64/r-uuid-1.1_0-r41h06615bd_0.tar.bz2#d51eb6ae37fd2975156c6ba1561a13e7
https://conda.anaconda.org/conda-forge/noarch/r-generics-0.1.2-r41hc72bb7e_0.tar.bz2#b7c9fed724c03e1a5b95f6798dce90d5
https://conda.anaconda.org/conda-forge/noarch/r-r6-2.5.1-r41hc72bb7e_0.tar.bz2#a560798c2d5ab0dbb30feddc6b8e63fb
https://conda.anaconda.org/conda-forge/linux-64/r-fastmap-1.1.0-r41h03ef668_0.tar.bz2#93b346ace02eba68f1f6c772e796b41d
https://conda.anaconda.org/conda-forge/linux-64/r-mime-0.12-r41hcfec24a_0.tar.bz2#f40c9f8645ea54ce0709a5436d569e2d
https://conda.anaconda.org/conda-forge/linux-64/r-colorspace-2.0_3-r41h06615bd_0.tar.bz2#0d8361af2384668b542faaa293862086
https://conda.anaconda.org/conda-forge/linux-64/r-digest-0.6.29-r41h03ef668_0.tar.bz2#9b5bcee4e903920236c5911fdd3478d8
https://conda.anaconda.org/conda-forge/linux-64/r-xfun-0.31-r41h7525677_0.tar.bz2#2091ef98013be93b58d8988d9594221c
https://conda.anaconda.org/conda-forge/linux-64/r-fansi-1.0.3-r41h06615bd_0.tar.bz2#f7eb22307beab0fdd027497ad586238d
https://conda.anaconda.org/conda-forge/noarch/r-assertthat-0.2.1-r41hc72bb7e_2.tar.bz2#ad338c38619f857b6df19253e9c65533
https://conda.anaconda.org/conda-forge/linux-64/r-matrix-1.4_1-r41h0154571_0.tar.bz2#46bdce8fcf422c4b74e0af3091ddfdfc
https://conda.anaconda.org/conda-forge/linux-64/r-nlme-3.1_158-r41h8da6f51_0.tar.bz2#5b014d8cc0a1c1c67aa154d65d44dde0
https://conda.anaconda.org/conda-forge/linux-64/r-cli-3.3.0-r41h7525677_0.tar.bz2#804f8d2da61218d567b49c20635b1a0d
https://conda.anaconda.org/conda-forge/linux-64/r-ellipsis-0.3.2-r41hcfec24a_0.tar.bz2#44d25949d98811e21e9d19527b6e3cfe
https://conda.anaconda.org/conda-forge/noarch/r-lifecycle-1.0.1-r41hc72bb7e_0.tar.bz2#c7f563a8fc6d5d9c52da2e390fa5f856
https://conda.anaconda.org/conda-forge/linux-64/r-purrr-0.3.4-r41hcfec24a_1.tar.bz2#9f37c72ac24f3c9429e0eafcc1777463
https://conda.anaconda.org/conda-forge/linux-64/r-askpass-1.1-r41hcfec24a_2.tar.bz2#58e1d05890607b8534f1933bbc847901
https://conda.anaconda.org/conda-forge/linux-64/r-bit64-4.0.5-r41hcfec24a_0.tar.bz2#f632c48178171d62f2817b5e09bf2e97
https://conda.anaconda.org/conda-forge/linux-64/r-diffobj-0.3.5-r41hcfec24a_0.tar.bz2#01693a46ed0b5a2e355aefdffc626d67
https://conda.anaconda.org/conda-forge/noarch/r-stringr-1.4.0-r41hc72bb7e_2.tar.bz2#9391bbf23da6c4da4c2fe0c811e6f7ce
https://conda.anaconda.org/conda-forge/linux-64/r-tzdb-0.3.0-r41h7525677_0.tar.bz2#89283499fe8f16a1e7cfd43bad4371df
https://conda.anaconda.org/conda-forge/noarch/r-rprojroot-2.0.3-r41hc72bb7e_0.tar.bz2#4c97577b6f80853234f34b548d8140ec
https://conda.anaconda.org/conda-forge/linux-64/r-xml2-1.3.3-r41h7525677_1.tar.bz2#f592e169aaf0ba69da972400f5d875fb
https://conda.anaconda.org/conda-forge/linux-64/r-lubridate-1.8.0-r41h03ef668_0.tar.bz2#edbbac8bafe1b8f969e96ed970d0df03
https://conda.anaconda.org/conda-forge/linux-64/r-processx-3.6.1-r41h06615bd_0.tar.bz2#17dbdae92c71e615810b6b056b8eae45
https://conda.anaconda.org/conda-forge/noarch/r-munsell-0.5.0-r41hc72bb7e_1004.tar.bz2#f5bd0c85c189a1797f29f2731c13a4dd
https://conda.anaconda.org/conda-forge/linux-64/r-htmltools-0.5.2-r41h03ef668_0.tar.bz2#e469d457ddeb4ebc92e5a4943514cb54
https://conda.anaconda.org/conda-forge/noarch/r-tinytex-0.40-r41hc72bb7e_0.tar.bz2#d69f48745e6c21933066abf1bec26c95
https://conda.anaconda.org/conda-forge/noarch/r-highr-0.9-r41hc72bb7e_0.tar.bz2#ee521053a1f3be94e20386f0c8cb58e5
https://conda.anaconda.org/conda-forge/noarch/r-prettyunits-1.1.1-r41hc72bb7e_1.tar.bz2#c42fd8553689c310113491f0c00d3397
https://conda.anaconda.org/conda-forge/linux-64/r-mgcv-1.8_40-r41h0154571_0.tar.bz2#94ba55d80afb3db8a19d598e313ce078
https://conda.anaconda.org/conda-forge/linux-64/r-vctrs-0.4.1-r41h7525677_0.tar.bz2#5bc4133cae4a09d70dd11f3c29c57a4c
https://conda.anaconda.org/conda-forge/linux-64/r-openssl-2.0.2-r41h1f3e0c5_0.tar.bz2#dd3a2368eda40241f765f51f68ddd20b
https://conda.anaconda.org/conda-forge/noarch/r-selectr-0.4_2-r41hc72bb7e_1.tar.bz2#5b63e81ab880015bc46fb368ed55c163
https://conda.anaconda.org/conda-forge/noarch/r-desc-1.4.1-r41hc72bb7e_0.tar.bz2#259389838e07898dbc82ae38fba42541
https://conda.anaconda.org/conda-forge/noarch/r-callr-3.7.0-r41hc72bb7e_0.tar.bz2#d27c5bc38ea47068c3e4b85313553767
https://conda.anaconda.org/conda-forge/noarch/r-scales-1.2.0-r41hc72bb7e_0.tar.bz2#0fb58a9c9b925c7c5f491d2c7e2b78da
https://conda.anaconda.org/conda-forge/linux-64/r-sass-0.4.1-r41h7525677_0.tar.bz2#231fedc320942dd771f1cd07cc7d8e65
https://conda.anaconda.org/conda-forge/noarch/r-jquerylib-0.1.4-r41hc72bb7e_0.tar.bz2#f9980aa441835740ddb0f4cd684d4a38
https://conda.anaconda.org/conda-forge/noarch/r-knitr-1.39-r41hc72bb7e_0.tar.bz2#02d44767b0a650c5a146fa7e36d768c8
https://conda.anaconda.org/conda-forge/noarch/r-blob-1.2.3-r41hc72bb7e_0.tar.bz2#6ab0e11ba8562a5bb418e63e30013448
https://conda.anaconda.org/conda-forge/noarch/r-hms-1.1.1-r41hc72bb7e_0.tar.bz2#299591068ce399f1f26483875d245814
https://conda.anaconda.org/conda-forge/noarch/r-pillar-1.7.0-r41hc72bb7e_0.tar.bz2#2451c20cf1ed7efdcad45d8f5a8eff27
https://conda.anaconda.org/conda-forge/linux-64/r-tidyselect-1.1.2-r41hc72bb7e_0.tar.bz2#fac410c7582a4f18243e67095c67e01f
https://conda.anaconda.org/conda-forge/noarch/r-ids-1.0.1-r41hc72bb7e_1.tar.bz2#6d7bdfdb98f746ae154ba52f3d1bba72
https://conda.anaconda.org/conda-forge/noarch/r-httr-1.4.3-r41hc72bb7e_0.tar.bz2#7c69a246584f13167d43bf377d321a1f
https://conda.anaconda.org/conda-forge/linux-64/r-pkgload-1.2.4-r41h03ef668_0.tar.bz2#86f05eacdc1a8caedd4bc5e79c19a196
https://conda.anaconda.org/conda-forge/noarch/r-bslib-0.3.1-r41hc72bb7e_0.tar.bz2#8a524f55fbcbc43c78c147dd20bb23aa
https://conda.anaconda.org/conda-forge/noarch/r-progress-1.2.2-r41hc72bb7e_2.tar.bz2#c6aa377edb04c05af94790da9294a54c
https://conda.anaconda.org/conda-forge/linux-64/r-tibble-3.1.7-r41h06615bd_0.tar.bz2#937ed4efaa6c202678ebf77c72670af8
https://conda.anaconda.org/conda-forge/noarch/r-gargle-1.2.0-r41hc72bb7e_0.tar.bz2#3d3eca5ae3c8df899e6522c9e0f337dd
https://conda.anaconda.org/conda-forge/noarch/r-rmarkdown-2.14-r41hc72bb7e_0.tar.bz2#e4aac78b5ba4e28882d8fd8b22a33b79
https://conda.anaconda.org/conda-forge/linux-64/r-dplyr-1.0.9-r41h7525677_0.tar.bz2#0458e3896ce40024575314e5fcee1a9b
https://conda.anaconda.org/conda-forge/noarch/r-cellranger-1.1.0-r41hc72bb7e_1004.tar.bz2#acadbf448122da9ba5747603b43c2eb5
https://conda.anaconda.org/conda-forge/linux-64/r-vroom-1.5.7-r41h03ef668_0.tar.bz2#ba122d468f960bc37b8c9d4cef8f17bd
https://conda.anaconda.org/conda-forge/noarch/r-forcats-0.5.1-r41hc72bb7e_0.tar.bz2#9e453b5cd97e61d2b6b66be29efb1d3d
https://conda.anaconda.org/conda-forge/noarch/r-rvest-1.0.2-r41hc72bb7e_0.tar.bz2#91c0d933235008969be24b195089bbe6
https://conda.anaconda.org/conda-forge/noarch/r-rematch2-2.1.2-r41hc72bb7e_1.tar.bz2#5c26fbf849007fc5022745ec14e38822
https://conda.anaconda.org/conda-forge/noarch/r-googledrive-2.0.0-r41hc72bb7e_0.tar.bz2#68ff08a9e7b056623b5158be3ce68df4
https://conda.anaconda.org/conda-forge/noarch/r-reprex-2.0.1-r41hc72bb7e_0.tar.bz2#394b06318dcc4a30230b3df8a0797698
https://conda.anaconda.org/conda-forge/noarch/r-dtplyr-1.2.1-r41hc72bb7e_0.tar.bz2#c2e8c651ce72aa6b4d846f6c3a361771
https://conda.anaconda.org/conda-forge/linux-64/r-tidyr-1.2.0-r41h03ef668_0.tar.bz2#5698a9bae120e261d5d6faf89fe695aa
https://conda.anaconda.org/conda-forge/noarch/r-dbplyr-2.2.0-r41hc72bb7e_0.tar.bz2#8e339a4c68dcfee726fabfa09b75ad0f
https://conda.anaconda.org/conda-forge/linux-64/r-readxl-1.4.0-r41hf23e330_0.tar.bz2#3248b55abf3f2071b4f086558506dd75
https://conda.anaconda.org/conda-forge/linux-64/r-readr-2.1.2-r41h03ef668_0.tar.bz2#791dbd8cffa9a8c8534c9c2b51e6e11f
https://conda.anaconda.org/conda-forge/noarch/r-waldo-0.4.0-r41hc72bb7e_0.tar.bz2#974972fb4e38703ed8e1722f45600e8b
https://conda.anaconda.org/conda-forge/noarch/r-googlesheets4-1.0.0-r41h785f33e_0.tar.bz2#c492d9bb7120e03d42dddf6edf3e4337
https://conda.anaconda.org/conda-forge/linux-64/r-haven-2.5.0-r41h7525677_0.tar.bz2#dfa66ef35329e99a0b34f66f2b2bf16b
https://conda.anaconda.org/conda-forge/linux-64/r-testthat-3.1.4-r41h7525677_0.tar.bz2#ca36c7db9d50f7481e2742454b32ad92
https://conda.anaconda.org/conda-forge/linux-64/r-isoband-0.2.5-r41h03ef668_0.tar.bz2#dfd1983b86abb444e3ae58e3b97cd148
https://conda.anaconda.org/conda-forge/noarch/r-ggplot2-3.3.6-r41hc72bb7e_0.tar.bz2#e305660b2a4c78aea808bc5c2aa910a3
https://conda.anaconda.org/conda-forge/noarch/r-broom-0.8.0-r41hc72bb7e_0.tar.bz2#c44500e93342b9c1ac8a4d8f0672ff55
https://conda.anaconda.org/conda-forge/noarch/r-modelr-0.1.8-r41hc72bb7e_0.tar.bz2#08e88ad50f32800e090d23d8dea3293f
https://conda.anaconda.org/conda-forge/noarch/r-tidyverse-1.3.1-r41hc72bb7e_0.tar.bz2#7e7bde30e1fecc2af341355ff8208049
